
Microsoft Visual Studio Solution File, Format Version 10.00
# Visual Studio 2008
Project("{FAE04EC0-301F-11D3-BF4B-00C04F79EFBC}") = "DynamicExtensions", "Dynamic\DynamicExtensions.csproj", "{9974F3B0-EB44-44B4-AAF3-540514ACA996}"
EndProject
Project("{FAE04EC0-301F-11D3-BF4B-00C04F79EFBC}") = "DwemthysArray", "DwemthysArray\DwemthysArray.csproj", "{F1D4C263-7C60-43EE-8DAF-00A44693E558}"
EndProject
Global
	GlobalSection(SolutionConfigurationPlatforms) = preSolution
		Debug|Any CPU = Debug|Any CPU
		Release|Any CPU = Release|Any CPU
	EndGlobalSection
	GlobalSection(ProjectConfigurationPlatforms) = postSolution
		{9974F3B0-EB44-44B4-AAF3-540514ACA996}.Debug|Any CPU.ActiveCfg = Debug|Any CPU
		{9974F3B0-EB44-44B4-AAF3-540514ACA996}.Debug|Any CPU.Build.0 = Debug|Any CPU
		{9974F3B0-EB44-44B4-AAF3-540514ACA996}.Release|Any CPU.ActiveCfg = Release|Any CPU
		{9974F3B0-EB44-44B4-AAF3-540514ACA996}.Release|Any CPU.Build.0 = Release|Any CPU
		{F1D4C263-7C60-43EE-8DAF-00A44693E558}.Debug|Any CPU.ActiveCfg = Debug|Any CPU
		{F1D4C263-7C60-43EE-8DAF-00A44693E558}.Debug|Any CPU.Build.0 = Debug|Any CPU
		{F1D4C263-7C60-43EE-8DAF-00A44693E558}.Release|Any CPU.ActiveCfg = Release|Any CPU
		{F1D4C263-7C60-43EE-8DAF-00A44693E558}.Release|Any CPU.Build.0 = Release|Any CPU
	EndGlobalSection
	GlobalSection(SolutionProperties) = preSolution
		HideSolutionNode = FALSE
	EndGlobalSection
EndGlobal
